# This file is autogenerated, do not edit; changes may be undone by the next 'dep ensure'.


[[projects]]
  digest = "1:ffe9824d294da03b391f44e1ae8281281b4afc1bdaa9588c9097785e3af10cec"
  name = "github.com/davecgh/go-spew"
  packages = ["spew"]
  pruneopts = "NUT"
  revision = "8991bc29aa16c548c550c7ff78260e27b9ab7c73"
  version = "v1.1.1"

[[projects]]
  digest = "1:97df918963298c287643883209a2c3f642e6593379f97ab400c2a2e219ab647d"
  name = "github.com/golang/protobuf"
  packages = ["proto"]
  pruneopts = "NUT"
  revision = "aa810b61a9c79d51363740d207bb46cf8e620ed5"
  version = "v1.2.0"

[[projects]]
  digest = "1:34bd52916ea0a9e4d95d34dab5bc4f125a7ee7b1e11b1a531d2ea43f41b4f4e8"
  name = "github.com/google/go-github"
  packages = ["github"]
  pruneopts = "NUT"
  revision = "35781f7f4db7b3d7fc3359527472838da65023c6"
  version = "v19.1.0"

[[projects]]
  digest = "1:a63cff6b5d8b95638bfe300385d93b2a6d9d687734b863da8e09dc834510a690"
  name = "github.com/google/go-querystring"
  packages = ["query"]
  pruneopts = "NUT"
  revision = "44c6ddd0a2342c386950e880b658017258da92fc"
  version = "v1.0.0"

[[projects]]
  branch = "master"
  digest = "1:b9c8c629d0a86a2a1e59620e4e85d1e1f6e5ffe1deb3b140c7bafcfea3b62ce5"
  name = "github.com/lestrrat-go/pdebug"
  packages = ["."]
  pruneopts = "NUT"
  revision = "39f9a71bcabe9432cbdfe4d3d33f41988acd2ce6"

[[projects]]
  branch = "master"
  digest = "1:0348dad55510afdbc745eb9657101b04b98056a6517deed3e6847b2d972d3119"
  name = "github.com/lestrrat-go/slack"
  packages = [
    ".",
    "internal/option",
    "objects",
  ]
  pruneopts = "NUT"
  revision = "18d3cce844c06d6d298487ecc963df9148387ae8"

[[projects]]
  digest = "1:08c231ec84231a7e23d67e4b58f975e1423695a32467a362ee55a803f9de8061"
  name = "github.com/mattn/go-colorable"
  packages = ["."]
  pruneopts = "NUT"
  revision = "167de6bfdfba052fa6b2d3664c8f5272e23c9072"
  version = "v0.0.9"

[[projects]]
  digest = "1:bffa444ca07c69c599ae5876bc18b25bfd5fa85b297ca10a25594d284a7e9c5d"
  name = "github.com/mattn/go-isatty"
  packages = ["."]
  pruneopts = "NUT"
  revision = "6ca4dbf54d38eea1a992b3c722a76a5d1c4cb25c"
  version = "v0.0.4"

[[projects]]
  digest = "1:f2506d323836b8fa307d3cdcadd5475015367b95f465a002a8a0a7d77b505b8b"
  name = "github.com/nulab/go-typetalk"
  packages = [
    "typetalk/internal",
    "typetalk/shared",
    "typetalk/v1",
  ]
  pruneopts = "NUT"
  revision = "a2c8b0c4afa7b874f4d911a1e9199999bc15b2f4"
  version = "v2.1.0"

[[projects]]
  digest = "1:5cf3f025cbee5951a4ee961de067c8a89fc95a5adabead774f82822efabab121"
  name = "github.com/pkg/errors"
  packages = ["."]
  pruneopts = "NUT"
  revision = "645ef00459ed84a119197bfb8d8205042c6df63d"
  version = "v0.8.0"

[[projects]]
  digest = "1:5dba68a1600a235630e208cb7196b24e58fcbb77bb7a6bec08fcd23f081b0a58"
  name = "github.com/urfave/cli"
  packages = ["."]
  pruneopts = "NUT"
  revision = "cfb38830724cc34fedffe9a2a29fb54fa9169cd1"
  version = "v1.20.0"

[[projects]]
  digest = "1:6ef52d124c3caa2082d7d375ba20decd7a7a93942ac150efe69dba8277388577"
  name = "github.com/xanzy/go-gitlab"
  packages = ["."]
  pruneopts = "NUT"
  revision = "be70cf752294cc5c6ee89a18d6ba0caca08aa5c7"
  version = "v0.16.1"

[[projects]]
  branch = "master"
  digest = "1:f8b491a7c25030a895a0e579742d07136e6958e77ef2d46e769db8eec4e58fcd"
  name = "golang.org/x/net"
  packages = [
    "context",
    "context/ctxhttp",
  ]
  pruneopts = "NUT"
  revision = "351d144fa1fc0bd934e2408202be0c29f25e35a0"

[[projects]]
  branch = "master"
  digest = "1:909616a132a79b36934f9a5eaa4f5caeaaadf06bc0080e6c748aebed83a2cd9e"
  name = "golang.org/x/oauth2"
  packages = [
    ".",
    "internal",
  ]
  pruneopts = "NUT"
  revision = "d668ce993890a79bda886613ee587a69dd5da7a6"

[[projects]]
  branch = "master"
  digest = "1:ed2e112f90e562e29a28c19801e8306c83efc3dbd6be76d55bd767d152cb72b5"
  name = "golang.org/x/sys"
  packages = ["unix"]
  pruneopts = "NUT"
  revision = "70b957f3b65e069b4930ea94e2721eefa0f8f695"

[[projects]]
  digest = "1:655acbef8faad33db29b6a35655341fb4a594e87e56635f05a3e70ed0bd7bd95"
  name = "google.golang.org/appengine"
  packages = [
    "internal",
    "internal/base",
    "internal/datastore",
    "internal/log",
    "internal/remote_api",
    "internal/urlfetch",
    "urlfetch",
  ]
  pruneopts = "NUT"
  revision = "4a4468ece617fc8205e99368fa2200e9d1fad421"
  version = "v1.3.0"

[[projects]]
  digest = "1:18108594151654e9e696b27b181b953f9a90b16bf14d253dd1b397b025a1487f"
  name = "gopkg.in/yaml.v2"
  packages = ["."]
  pruneopts = "NUT"
  revision = "51d6538a90f86fe93ac480b35f37b2be17fef232"
  version = "v2.2.2"

[solve-meta]
  analyzer-name = "dep"
  analyzer-version = 1
  input-imports = [
    "github.com/google/go-github/github",
    "github.com/lestrrat-go/slack",
    "github.com/lestrrat-go/slack/objects",
    "github.com/mattn/go-colorable",
    "github.com/nulab/go-typetalk/typetalk/shared",
    "github.com/nulab/go-typetalk/typetalk/v1",
    "github.com/urfave/cli",
    "github.com/xanzy/go-gitlab",
    "golang.org/x/oauth2",
    "gopkg.in/yaml.v2",
  ]
  solver-name = "gps-cdcl"
  solver-version = 1
